
Microsoft Visual Studio Solution File, Format Version 12.00
# Visual Studio Version 17
VisualStudioVersion = 17.0.31903.59
MinimumVisualStudioVersion = 10.0.40219.1
Project("{2150E333-8FDC-42A3-9474-1A3956D46DE8}") = "src", "src", "{827E0CD3-B72D-47B6-A68D-7590B98EB39B}"
EndProject
Project("{FAE04EC0-301F-11D3-BF4B-00C04F79EFBC}") = "Core.Identity", "src\Core.Identity\Core.Identity.csproj", "{B13DE588-E478-4F6B-AD73-122CE5879340}"
EndProject
Project("{FAE04EC0-301F-11D3-BF4B-00C04F79EFBC}") = "Core.Finance", "src\Core.Finance\Core.Finance.csproj", "{55A53590-F9ED-42A2-925E-211B36E7AB34}"
EndProject
Project("{FAE04EC0-301F-11D3-BF4B-00C04F79EFBC}") = "Hotel.Booking", "src\Hotel.Booking\Hotel.Booking.csproj", "{243B422D-4438-4C53-9DD7-24A8FCF618BF}"
EndProject
Project("{FAE04EC0-301F-11D3-BF4B-00C04F79EFBC}") = "ManaPulse.Api", "src\ManaPulse.Api\ManaPulse.Api.csproj", "{49C31264-CF00-46ED-8CC1-3B44FC9D7F01}"
EndProject
Project("{2150E333-8FDC-42A3-9474-1A3956D46DE8}") = "tests", "tests", "{0AB3BF05-4346-4AA6-1389-037BE0695223}"
EndProject
Project("{FAE04EC0-301F-11D3-BF4B-00C04F79EFBC}") = "Architecture.Tests", "tests\Architecture.Tests\Architecture.Tests.csproj", "{7AE4C261-0ADA-472F-80A7-8A8C516E732E}"
EndProject
Project("{FAE04EC0-301F-11D3-BF4B-00C04F79EFBC}") = "Core.Finance.Compliance.CD", "src\Core.Finance.Compliance.CD\Core.Finance.Compliance.CD.csproj", "{6954AD9F-831E-4C7A-9DF3-073046EFDAF0}"
EndProject
Project("{FAE04EC0-301F-11D3-BF4B-00C04F79EFBC}") = "Core.Finance.Compliance.DE", "src\Core.Finance.Compliance.DE\Core.Finance.Compliance.DE.csproj", "{8F9A1FE1-3411-463B-9F73-1AB35839675B}"
EndProject
Global
	GlobalSection(SolutionConfigurationPlatforms) = preSolution
		Debug|Any CPU = Debug|Any CPU
		Debug|x64 = Debug|x64
		Debug|x86 = Debug|x86
		Release|Any CPU = Release|Any CPU
		Release|x64 = Release|x64
		Release|x86 = Release|x86
	EndGlobalSection
	GlobalSection(ProjectConfigurationPlatforms) = postSolution
		{B13DE588-E478-4F6B-AD73-122CE5879340}.Debug|Any CPU.ActiveCfg = Debug|Any CPU
		{B13DE588-E478-4F6B-AD73-122CE5879340}.Debug|Any CPU.Build.0 = Debug|Any CPU
		{B13DE588-E478-4F6B-AD73-122CE5879340}.Debug|x64.ActiveCfg = Debug|Any CPU
		{B13DE588-E478-4F6B-AD73-122CE5879340}.Debug|x64.Build.0 = Debug|Any CPU
		{B13DE588-E478-4F6B-AD73-122CE5879340}.Debug|x86.ActiveCfg = Debug|Any CPU
		{B13DE588-E478-4F6B-AD73-122CE5879340}.Debug|x86.Build.0 = Debug|Any CPU
		{B13DE588-E478-4F6B-AD73-122CE5879340}.Release|Any CPU.ActiveCfg = Release|Any CPU
		{B13DE588-E478-4F6B-AD73-122CE5879340}.Release|Any CPU.Build.0 = Release|Any CPU
		{B13DE588-E478-4F6B-AD73-122CE5879340}.Release|x64.ActiveCfg = Release|Any CPU
		{B13DE588-E478-4F6B-AD73-122CE5879340}.Release|x64.Build.0 = Release|Any CPU
		{B13DE588-E478-4F6B-AD73-122CE5879340}.Release|x86.ActiveCfg = Release|Any CPU
		{B13DE588-E478-4F6B-AD73-122CE5879340}.Release|x86.Build.0 = Release|Any CPU
		{55A53590-F9ED-42A2-925E-211B36E7AB34}.Debug|Any CPU.ActiveCfg = Debug|Any CPU
		{55A53590-F9ED-42A2-925E-211B36E7AB34}.Debug|Any CPU.Build.0 = Debug|Any CPU
		{55A53590-F9ED-42A2-925E-211B36E7AB34}.Debug|x64.ActiveCfg = Debug|Any CPU
		{55A53590-F9ED-42A2-925E-211B36E7AB34}.Debug|x64.Build.0 = Debug|Any CPU
		{55A53590-F9ED-42A2-925E-211B36E7AB34}.Debug|x86.ActiveCfg = Debug|Any CPU
		{55A53590-F9ED-42A2-925E-211B36E7AB34}.Debug|x86.Build.0 = Debug|Any CPU
		{55A53590-F9ED-42A2-925E-211B36E7AB34}.Release|Any CPU.ActiveCfg = Release|Any CPU
		{55A53590-F9ED-42A2-925E-211B36E7AB34}.Release|Any CPU.Build.0 = Release|Any CPU
		{55A53590-F9ED-42A2-925E-211B36E7AB34}.Release|x64.ActiveCfg = Release|Any CPU
		{55A53590-F9ED-42A2-925E-211B36E7AB34}.Release|x64.Build.0 = Release|Any CPU
		{55A53590-F9ED-42A2-925E-211B36E7AB34}.Release|x86.ActiveCfg = Release|Any CPU
		{55A53590-F9ED-42A2-925E-211B36E7AB34}.Release|x86.Build.0 = Release|Any CPU
		{243B422D-4438-4C53-9DD7-24A8FCF618BF}.Debug|Any CPU.ActiveCfg = Debug|Any CPU
		{243B422D-4438-4C53-9DD7-24A8FCF618BF}.Debug|Any CPU.Build.0 = Debug|Any CPU
		{243B422D-4438-4C53-9DD7-24A8FCF618BF}.Debug|x64.ActiveCfg = Debug|Any CPU
		{243B422D-4438-4C53-9DD7-24A8FCF618BF}.Debug|x64.Build.0 = Debug|Any CPU
		{243B422D-4438-4C53-9DD7-24A8FCF618BF}.Debug|x86.ActiveCfg = Debug|Any CPU
		{243B422D-4438-4C53-9DD7-24A8FCF618BF}.Debug|x86.Build.0 = Debug|Any CPU
		{243B422D-4438-4C53-9DD7-24A8FCF618BF}.Release|Any CPU.ActiveCfg = Release|Any CPU
		{243B422D-4438-4C53-9DD7-24A8FCF618BF}.Release|Any CPU.Build.0 = Release|Any CPU
		{243B422D-4438-4C53-9DD7-24A8FCF618BF}.Release|x64.ActiveCfg = Release|Any CPU
		{243B422D-4438-4C53-9DD7-24A8FCF618BF}.Release|x64.Build.0 = Release|Any CPU
		{243B422D-4438-4C53-9DD7-24A8FCF618BF}.Release|x86.ActiveCfg = Release|Any CPU
		{243B422D-4438-4C53-9DD7-24A8FCF618BF}.Release|x86.Build.0 = Release|Any CPU
		{49C31264-CF00-46ED-8CC1-3B44FC9D7F01}.Debug|Any CPU.ActiveCfg = Debug|Any CPU
		{49C31264-CF00-46ED-8CC1-3B44FC9D7F01}.Debug|Any CPU.Build.0 = Debug|Any CPU
		{49C31264-CF00-46ED-8CC1-3B44FC9D7F01}.Debug|x64.ActiveCfg = Debug|Any CPU
		{49C31264-CF00-46ED-8CC1-3B44FC9D7F01}.Debug|x64.Build.0 = Debug|Any CPU
		{49C31264-CF00-46ED-8CC1-3B44FC9D7F01}.Debug|x86.ActiveCfg = Debug|Any CPU
		{49C31264-CF00-46ED-8CC1-3B44FC9D7F01}.Debug|x86.Build.0 = Debug|Any CPU
		{49C31264-CF00-46ED-8CC1-3B44FC9D7F01}.Release|Any CPU.ActiveCfg = Release|Any CPU
		{49C31264-CF00-46ED-8CC1-3B44FC9D7F01}.Release|Any CPU.Build.0 = Release|Any CPU
		{49C31264-CF00-46ED-8CC1-3B44FC9D7F01}.Release|x64.ActiveCfg = Release|Any CPU
		{49C31264-CF00-46ED-8CC1-3B44FC9D7F01}.Release|x64.Build.0 = Release|Any CPU
		{49C31264-CF00-46ED-8CC1-3B44FC9D7F01}.Release|x86.ActiveCfg = Release|Any CPU
		{49C31264-CF00-46ED-8CC1-3B44FC9D7F01}.Release|x86.Build.0 = Release|Any CPU
		{7AE4C261-0ADA-472F-80A7-8A8C516E732E}.Debug|Any CPU.ActiveCfg = Debug|Any CPU
		{7AE4C261-0ADA-472F-80A7-8A8C516E732E}.Debug|Any CPU.Build.0 = Debug|Any CPU
		{7AE4C261-0ADA-472F-80A7-8A8C516E732E}.Debug|x64.ActiveCfg = Debug|Any CPU
		{7AE4C261-0ADA-472F-80A7-8A8C516E732E}.Debug|x64.Build.0 = Debug|Any CPU
		{7AE4C261-0ADA-472F-80A7-8A8C516E732E}.Debug|x86.ActiveCfg = Debug|Any CPU
		{7AE4C261-0ADA-472F-80A7-8A8C516E732E}.Debug|x86.Build.0 = Debug|Any CPU
		{7AE4C261-0ADA-472F-80A7-8A8C516E732E}.Release|Any CPU.ActiveCfg = Release|Any CPU
		{7AE4C261-0ADA-472F-80A7-8A8C516E732E}.Release|Any CPU.Build.0 = Release|Any CPU
		{7AE4C261-0ADA-472F-80A7-8A8C516E732E}.Release|x64.ActiveCfg = Release|Any CPU
		{7AE4C261-0ADA-472F-80A7-8A8C516E732E}.Release|x64.Build.0 = Release|Any CPU
		{7AE4C261-0ADA-472F-80A7-8A8C516E732E}.Release|x86.ActiveCfg = Release|Any CPU
		{7AE4C261-0ADA-472F-80A7-8A8C516E732E}.Release|x86.Build.0 = Release|Any CPU
		{6954AD9F-831E-4C7A-9DF3-073046EFDAF0}.Debug|Any CPU.ActiveCfg = Debug|Any CPU
		{6954AD9F-831E-4C7A-9DF3-073046EFDAF0}.Debug|Any CPU.Build.0 = Debug|Any CPU
		{6954AD9F-831E-4C7A-9DF3-073046EFDAF0}.Debug|x64.ActiveCfg = Debug|Any CPU
		{6954AD9F-831E-4C7A-9DF3-073046EFDAF0}.Debug|x64.Build.0 = Debug|Any CPU
		{6954AD9F-831E-4C7A-9DF3-073046EFDAF0}.Debug|x86.ActiveCfg = Debug|Any CPU
		{6954AD9F-831E-4C7A-9DF3-073046EFDAF0}.Debug|x86.Build.0 = Debug|Any CPU
		{6954AD9F-831E-4C7A-9DF3-073046EFDAF0}.Release|Any CPU.ActiveCfg = Release|Any CPU
		{6954AD9F-831E-4C7A-9DF3-073046EFDAF0}.Release|Any CPU.Build.0 = Release|Any CPU
		{6954AD9F-831E-4C7A-9DF3-073046EFDAF0}.Release|x64.ActiveCfg = Release|Any CPU
		{6954AD9F-831E-4C7A-9DF3-073046EFDAF0}.Release|x64.Build.0 = Release|Any CPU
		{6954AD9F-831E-4C7A-9DF3-073046EFDAF0}.Release|x86.ActiveCfg = Release|Any CPU
		{6954AD9F-831E-4C7A-9DF3-073046EFDAF0}.Release|x86.Build.0 = Release|Any CPU
		{8F9A1FE1-3411-463B-9F73-1AB35839675B}.Debug|Any CPU.ActiveCfg = Debug|Any CPU
		{8F9A1FE1-3411-463B-9F73-1AB35839675B}.Debug|Any CPU.Build.0 = Debug|Any CPU
		{8F9A1FE1-3411-463B-9F73-1AB35839675B}.Debug|x64.ActiveCfg = Debug|Any CPU
		{8F9A1FE1-3411-463B-9F73-1AB35839675B}.Debug|x64.Build.0 = Debug|Any CPU
		{8F9A1FE1-3411-463B-9F73-1AB35839675B}.Debug|x86.ActiveCfg = Debug|Any CPU
		{8F9A1FE1-3411-463B-9F73-1AB35839675B}.Debug|x86.Build.0 = Debug|Any CPU
		{8F9A1FE1-3411-463B-9F73-1AB35839675B}.Release|Any CPU.ActiveCfg = Release|Any CPU
		{8F9A1FE1-3411-463B-9F73-1AB35839675B}.Release|Any CPU.Build.0 = Release|Any CPU
		{8F9A1FE1-3411-463B-9F73-1AB35839675B}.Release|x64.ActiveCfg = Release|Any CPU
		{8F9A1FE1-3411-463B-9F73-1AB35839675B}.Release|x64.Build.0 = Release|Any CPU
		{8F9A1FE1-3411-463B-9F73-1AB35839675B}.Release|x86.ActiveCfg = Release|Any CPU
		{8F9A1FE1-3411-463B-9F73-1AB35839675B}.Release|x86.Build.0 = Release|Any CPU
	EndGlobalSection
	GlobalSection(SolutionProperties) = preSolution
		HideSolutionNode = FALSE
	EndGlobalSection
	GlobalSection(NestedProjects) = preSolution
		{B13DE588-E478-4F6B-AD73-122CE5879340} = {827E0CD3-B72D-47B6-A68D-7590B98EB39B}
		{55A53590-F9ED-42A2-925E-211B36E7AB34} = {827E0CD3-B72D-47B6-A68D-7590B98EB39B}
		{243B422D-4438-4C53-9DD7-24A8FCF618BF} = {827E0CD3-B72D-47B6-A68D-7590B98EB39B}
		{49C31264-CF00-46ED-8CC1-3B44FC9D7F01} = {827E0CD3-B72D-47B6-A68D-7590B98EB39B}
		{7AE4C261-0ADA-472F-80A7-8A8C516E732E} = {0AB3BF05-4346-4AA6-1389-037BE0695223}
		{6954AD9F-831E-4C7A-9DF3-073046EFDAF0} = {827E0CD3-B72D-47B6-A68D-7590B98EB39B}
		{8F9A1FE1-3411-463B-9F73-1AB35839675B} = {827E0CD3-B72D-47B6-A68D-7590B98EB39B}
	EndGlobalSection
EndGlobal
